
Microsoft Visual Studio Solution File, Format Version 12.00
# Visual Studio 15
VisualStudioVersion = 15.0.26430.16
MinimumVisualStudioVersion = 10.0.40219.1
Project("{FAE04EC0-301F-11D3-BF4B-00C04F79EFBC}") = "FacebookAFK", "FacebookAFK\FacebookAFK.csproj", "{CADFFB7E-F357-444D-8F0E-6B6D8435697F}"
EndProject
Project("{FAE04EC0-301F-11D3-BF4B-00C04F79EFBC}") = "FacebookAFKTests", "FacebookAFKTests\FacebookAFKTests.csproj", "{9A62239C-2100-4F0F-BF2B-649E86F1C3FA}"
EndProject
Global
	GlobalSection(SolutionConfigurationPlatforms) = preSolution
		Debug|Any CPU = Debug|Any CPU
		Release|Any CPU = Release|Any CPU
	EndGlobalSection
	GlobalSection(ProjectConfigurationPlatforms) = postSolution
		{CADFFB7E-F357-444D-8F0E-6B6D8435697F}.Debug|Any CPU.ActiveCfg = Debug|Any CPU
		{CADFFB7E-F357-444D-8F0E-6B6D8435697F}.Debug|Any CPU.Build.0 = Debug|Any CPU
		{CADFFB7E-F357-444D-8F0E-6B6D8435697F}.Release|Any CPU.ActiveCfg = Release|Any CPU
		{CADFFB7E-F357-444D-8F0E-6B6D8435697F}.Release|Any CPU.Build.0 = Release|Any CPU
		{9A62239C-2100-4F0F-BF2B-649E86F1C3FA}.Debug|Any CPU.ActiveCfg = Debug|Any CPU
		{9A62239C-2100-4F0F-BF2B-649E86F1C3FA}.Debug|Any CPU.Build.0 = Debug|Any CPU
		{9A62239C-2100-4F0F-BF2B-649E86F1C3FA}.Release|Any CPU.ActiveCfg = Release|Any CPU
		{9A62239C-2100-4F0F-BF2B-649E86F1C3FA}.Release|Any CPU.Build.0 = Release|Any CPU
	EndGlobalSection
	GlobalSection(SolutionProperties) = preSolution
		HideSolutionNode = FALSE
	EndGlobalSection
EndGlobal
